
Microsoft Visual Studio Solution File, Format Version 12.00
# Visual Studio Version 16
VisualStudioVersion = 25.0.1706.0
MinimumVisualStudioVersion = 10.0.40219.1
Project("{FAE04EC0-301F-11D3-BF4B-00C04F79EFBC}") = "pizza", "pizza.csproj", "{0802D065-EFCA-41B6-B3A6-FE4CAFDAB9EC}"
EndProject
Global
	GlobalSection(SolutionConfigurationPlatforms) = preSolution
		Debug|Any CPU = Debug|Any CPU
		Release|Any CPU = Release|Any CPU
	EndGlobalSection
	GlobalSection(ProjectConfigurationPlatforms) = postSolution
		{0802D065-EFCA-41B6-B3A6-FE4CAFDAB9EC}.Debug|Any CPU.ActiveCfg = Debug|Any CPU
		{0802D065-EFCA-41B6-B3A6-FE4CAFDAB9EC}.Debug|Any CPU.Build.0 = Debug|Any CPU
		{0802D065-EFCA-41B6-B3A6-FE4CAFDAB9EC}.Release|Any CPU.ActiveCfg = Release|Any CPU
		{0802D065-EFCA-41B6-B3A6-FE4CAFDAB9EC}.Release|Any CPU.Build.0 = Release|Any CPU
	EndGlobalSection
	GlobalSection(SolutionProperties) = preSolution
		HideSolutionNode = FALSE
	EndGlobalSection
	GlobalSection(ExtensibilityGlobals) = postSolution
		SolutionGuid = {77CAA497-3D14-498A-93F5-6572BA397A42}
	EndGlobalSection
EndGlobal
